
Microsoft Visual Studio Solution File, Format Version 12.00
# Visual Studio 15
VisualStudioVersion = 15.0.28307.168
MinimumVisualStudioVersion = 10.0.40219.1
Project("{8BC9CEB8-8B4A-11D0-8D11-00A0C91BC942}") = "TemplateClasses", "TemplateClasses\TemplateClasses.vcxproj", "{0DDE51BE-EF01-4C69-81E1-DA6C901ABDFF}"
EndProject
Project("{8BC9CEB8-8B4A-11D0-8D11-00A0C91BC942}") = "TemplateFunctions", "TemplateFunctions\TemplateFunctions.vcxproj", "{5546FEC4-7C0D-4810-8DFE-EABD14D1D343}"
EndProject
Project("{8BC9CEB8-8B4A-11D0-8D11-00A0C91BC942}") = "TypeInterference", "TypeInterference\TypeInterference.vcxproj", "{2FF04A09-0E01-4CEB-8500-A90F2E80DDC8}"
EndProject
Global
	GlobalSection(SolutionConfigurationPlatforms) = preSolution
		Debug|x64 = Debug|x64
		Debug|x86 = Debug|x86
		Release|x64 = Release|x64
		Release|x86 = Release|x86
	EndGlobalSection
	GlobalSection(ProjectConfigurationPlatforms) = postSolution
		{0DDE51BE-EF01-4C69-81E1-DA6C901ABDFF}.Debug|x64.ActiveCfg = Debug|x64
		{0DDE51BE-EF01-4C69-81E1-DA6C901ABDFF}.Debug|x64.Build.0 = Debug|x64
		{0DDE51BE-EF01-4C69-81E1-DA6C901ABDFF}.Debug|x86.ActiveCfg = Debug|Win32
		{0DDE51BE-EF01-4C69-81E1-DA6C901ABDFF}.Debug|x86.Build.0 = Debug|Win32
		{0DDE51BE-EF01-4C69-81E1-DA6C901ABDFF}.Release|x64.ActiveCfg = Release|x64
		{0DDE51BE-EF01-4C69-81E1-DA6C901ABDFF}.Release|x64.Build.0 = Release|x64
		{0DDE51BE-EF01-4C69-81E1-DA6C901ABDFF}.Release|x86.ActiveCfg = Release|Win32
		{0DDE51BE-EF01-4C69-81E1-DA6C901ABDFF}.Release|x86.Build.0 = Release|Win32
		{5546FEC4-7C0D-4810-8DFE-EABD14D1D343}.Debug|x64.ActiveCfg = Debug|x64
		{5546FEC4-7C0D-4810-8DFE-EABD14D1D343}.Debug|x64.Build.0 = Debug|x64
		{5546FEC4-7C0D-4810-8DFE-EABD14D1D343}.Debug|x86.ActiveCfg = Debug|Win32
		{5546FEC4-7C0D-4810-8DFE-EABD14D1D343}.Debug|x86.Build.0 = Debug|Win32
		{5546FEC4-7C0D-4810-8DFE-EABD14D1D343}.Release|x64.ActiveCfg = Release|x64
		{5546FEC4-7C0D-4810-8DFE-EABD14D1D343}.Release|x64.Build.0 = Release|x64
		{5546FEC4-7C0D-4810-8DFE-EABD14D1D343}.Release|x86.ActiveCfg = Release|Win32
		{5546FEC4-7C0D-4810-8DFE-EABD14D1D343}.Release|x86.Build.0 = Release|Win32
		{2FF04A09-0E01-4CEB-8500-A90F2E80DDC8}.Debug|x64.ActiveCfg = Debug|x64
		{2FF04A09-0E01-4CEB-8500-A90F2E80DDC8}.Debug|x64.Build.0 = Debug|x64
		{2FF04A09-0E01-4CEB-8500-A90F2E80DDC8}.Debug|x86.ActiveCfg = Debug|Win32
		{2FF04A09-0E01-4CEB-8500-A90F2E80DDC8}.Debug|x86.Build.0 = Debug|Win32
		{2FF04A09-0E01-4CEB-8500-A90F2E80DDC8}.Release|x64.ActiveCfg = Release|x64
		{2FF04A09-0E01-4CEB-8500-A90F2E80DDC8}.Release|x64.Build.0 = Release|x64
		{2FF04A09-0E01-4CEB-8500-A90F2E80DDC8}.Release|x86.ActiveCfg = Release|Win32
		{2FF04A09-0E01-4CEB-8500-A90F2E80DDC8}.Release|x86.Build.0 = Release|Win32
	EndGlobalSection
	GlobalSection(SolutionProperties) = preSolution
		HideSolutionNode = FALSE
	EndGlobalSection
	GlobalSection(ExtensibilityGlobals) = postSolution
		SolutionGuid = {58C07344-2744-4879-8934-F95619089FAB}
	EndGlobalSection
EndGlobal
